// !$*UTF8*$!
{
	archiveVersion = 1;
	classes = {
	};
	objectVersion = 46;
	objects = {

/* Begin PBXBuildFile section */
		6DE94FFE1C64957000B90C9F /* AppDelegate.swift in Sources */ = {isa = PBXBuildFile; fileRef = 6DE94FFD1C64957000B90C9F /* AppDelegate.swift */; };
		6DE950001C64957000B90C9F /* ViewController.swift in Sources */ = {isa = PBXBuildFile; fileRef = 6DE94FFF1C64957000B90C9F /* ViewController.swift */; };
		6DE950031C64957000B90C9F /* Main.storyboard in Resources */ = {isa = PBXBuildFile; fileRef = 6DE950011C64957000B90C9F /* Main.storyboard */; };
		6DE950051C64957000B90C9F /* Assets.xcassets in Resources */ = {isa = PBXBuildFile; fileRef = 6DE950041C64957000B90C9F /* Assets.xcassets */; };
		6DE950081C64957000B90C9F /* LaunchScreen.storyboard in Resources */ = {isa = PBXBuildFile; fileRef = 6DE950061C64957000B90C9F /* LaunchScreen.storyboard */; };
		943B124E1C666506009E3AAD /* UIColorExtensions.swift in Sources */ = {isa = PBXBuildFile; fileRef = 943B124D1C666506009E3AAD /* UIColorExtensions.swift */; };
		943B12501C6668B2009E3AAD /* CenterViewFlowLayout.swift in Sources */ = {isa = PBXBuildFile; fileRef = 943B124F1C6668B2009E3AAD /* CenterViewFlowLayout.swift */; };
/* End PBXBuildFile section */

/* Begin PBXFileReference section */
		6DE94FFA1C64957000B90C9F /* UICollectionViewHorizontalPaging.app */ = {isa = PBXFileReference; explicitFileType = wrapper.application; includeInIndex = 0; path = UICollectionViewHorizontalPaging.app; sourceTree = BUILT_PRODUCTS_DIR; };
		6DE94FFD1C64957000B90C9F /* AppDelegate.swift */ = {isa = PBXFileReference; lastKnownFileType = sourcecode.swift; path = AppDelegate.swift; sourceTree = "<group>"; };
		6DE94FFF1C64957000B90C9F /* ViewController.swift */ = {isa = PBXFileReference; lastKnownFileType = sourcecode.swift; path = ViewController.swift; sourceTree = "<group>"; };
		6DE950021C64957000B90C9F /* Base */ = {isa = PBXFileReference; lastKnownFileType = file.storyboard; name = Base; path = Base.lproj/Main.storyboard; sourceTree = "<group>"; };
		6DE950041C64957000B90C9F /* Assets.xcassets */ = {isa = PBXFileReference; lastKnownFileType = folder.assetcatalog; path = Assets.xcassets; sourceTree = "<group>"; };
		6DE950071C64957000B90C9F /* Base */ = {isa = PBXFileReference; lastKnownFileType = file.storyboard; name = Base; path = Base.lproj/LaunchScreen.storyboard; sourceTree = "<group>"; };
		6DE950091C64957000B90C9F /* Info.plist */ = {isa = PBXFileReference; lastKnownFileType = text.plist.xml; path = Info.plist; sourceTree = "<group>"; };
		943B124D1C666506009E3AAD /* UIColorExtensions.swift */ = {isa = PBXFileReference; fileEncoding = 4; lastKnownFileType = sourcecode.swift; path = UIColorExtensions.swift; sourceTree = "<group>"; };
		943B124F1C6668B2009E3AAD /* CenterViewFlowLayout.swift */ = {isa = PBXFileReference; fileEncoding = 4; lastKnownFileType = sourcecode.swift; path = CenterViewFlowLayout.swift; sourceTree = "<group>"; };
/* End PBXFileReference section */

/* Begin PBXFrameworksBuildPhase section */
		6DE94FF71C64957000B90C9F /* Frameworks */ = {
			isa = PBXFrameworksBuildPhase;
			buildActionMask = 2147483647;
			files = (
			);
			runOnlyForDeploymentPostprocessing = 0;
		};
/* End PBXFrameworksBuildPhase section */

/* Begin PBXGroup section */
		6D8F0B091C6896D7006C87E0 /* Sources */ = {
			isa = PBXGroup;
			children = (
				6DE94FFD1C64957000B90C9F /* AppDelegate.swift */,
				6DE94FFF1C64957000B90C9F /* ViewController.swift */,
				943B124F1C6668B2009E3AAD /* CenterViewFlowLayout.swift */,
				943B124D1C666506009E3AAD /* UIColorExtensions.swift */,
			);
			name = Sources;
			sourceTree = "<group>";
		};
		6D8F0B0A1C6896DD006C87E0 /* UI */ = {
			isa = PBXGroup;
			children = (
				6DE950011C64957000B90C9F /* Main.storyboard */,
				6DE950061C64957000B90C9F /* LaunchScreen.storyboard */,
			);
			name = UI;
			sourceTree = "<group>";
		};
		6D8F0B0B1C6896E2006C87E0 /* Assets */ = {
			isa = PBXGroup;
			children = (
				6DE950041C64957000B90C9F /* Assets.xcassets */,
			);
			name = Assets;
			sourceTree = "<group>";
		};
		6D8F0B0C1C6896E6006C87E0 /* Supporting Files */ = {
			isa = PBXGroup;
			children = (
				6DE950091C64957000B90C9F /* Info.plist */,
			);
			name = "Supporting Files";
			sourceTree = "<group>";
		};
		6DE94FF11C64957000B90C9F = {
			isa = PBXGroup;
			children = (
				6DE94FFC1C64957000B90C9F /* UICollectionViewHorizontalPaging */,
				6DE94FFB1C64957000B90C9F /* Products */,
			);
			sourceTree = "<group>";
		};
		6DE94FFB1C64957000B90C9F /* Products */ = {
			isa = PBXGroup;
			children = (
				6DE94FFA1C64957000B90C9F /* UICollectionViewHorizontalPaging.app */,
			);
			name = Products;
			sourceTree = "<group>";
		};
		6DE94FFC1C64957000B90C9F /* UICollectionViewHorizontalPaging */ = {
			isa = PBXGroup;
			children = (
				6D8F0B091C6896D7006C87E0 /* Sources */,
				6D8F0B0A1C6896DD006C87E0 /* UI */,
				6D8F0B0B1C6896E2006C87E0 /* Assets */,
				6D8F0B0C1C6896E6006C87E0 /* Supporting Files */,
			);
			path = UICollectionViewHorizontalPaging;
			sourceTree = "<group>";
		};
/* End PBXGroup section */

/* Begin PBXNativeTarget section */
		6DE94FF91C64957000B90C9F /* UICollectionViewHorizontalPaging */ = {
			isa = PBXNativeTarget;
			buildConfigurationList = 6DE9500C1C64957000B90C9F /* Build configuration list for PBXNativeTarget "UICollectionViewHorizontalPaging" */;
			buildPhases = (
				6DE94FF61C64957000B90C9F /* Sources */,
				6DE94FF71C64957000B90C9F /* Frameworks */,
				6DE94FF81C64957000B90C9F /* Resources */,
			);
			buildRules = (
			);
			dependencies = (
			);
			name = UICollectionViewHorizontalPaging;
			productName = UICollectionViewHorizontalPaging;
			productReference = 6DE94FFA1C64957000B90C9F /* UICollectionViewHorizontalPaging.app */;
			productType = "com.apple.product-type.application";
		};
/* End PBXNativeTarget section */

/* Begin PBXProject section */
		6DE94FF21C64957000B90C9F /* Project object */ = {
			isa = PBXProject;
			attributes = {
				LastSwiftUpdateCheck = 0720;
				LastUpgradeCheck = 0900;
				ORGANIZATIONNAME = "Maxim Bilan";
				TargetAttributes = {
					6DE94FF91C64957000B90C9F = {
						CreatedOnToolsVersion = 7.2.1;
						LastSwiftMigration = 0900;
					};
				};
			};
			buildConfigurationList = 6DE94FF51C64957000B90C9F /* Build configuration list for PBXProject "UICollectionViewHorizontalPaging" */;
			compatibilityVersion = "Xcode 3.2";
			developmentRegion = English;
			hasScannedForEncodings = 0;
			knownRegions = (
				en,
				Base,
			);
			mainGroup = 6DE94FF11C64957000B90C9F;
			productRefGroup = 6DE94FFB1C64957000B90C9F /* Products */;
			projectDirPath = "";
			projectRoot = "";
			targets = (
				6DE94FF91C64957000B90C9F /* UICollectionViewHorizontalPaging */,
			);
		};
/* End PBXProject section */

/* Begin PBXResourcesBuildPhase section */
		6DE94FF81C64957000B90C9F /* Resources */ = {
			isa = PBXResourcesBuildPhase;
			buildActionMask = 2147483647;
			files = (
				6DE950081C64957000B90C9F /* LaunchScreen.storyboard in Resources */,
				6DE950051C64957000B90C9F /* Assets.xcassets in Resources */,
				6DE950031C64957000B90C9F /* Main.storyboard in Resources */,
			);
			runOnlyForDeploymentPostprocessing = 0;
		};
/* End PBXResourcesBuildPhase section */

/* Begin PBXSourcesBuildPhase section */
		6DE94FF61C64957000B90C9F /* Sources */ = {
			isa = PBXSourcesBuildPhase;
			buildActionMask = 2147483647;
			files = (
				943B124E1C666506009E3AAD /* UIColorExtensions.swift in Sources */,
				6DE950001C64957000B90C9F /* ViewController.swift in Sources */,
				6DE94FFE1C64957000B90C9F /* AppDelegate.swift in Sources */,
				943B12501C6668B2009E3AAD /* CenterViewFlowLayout.swift in Sources */,
			);
			runOnlyForDeploymentPostprocessing = 0;
		};
/* End PBXSourcesBuildPhase section */

/* Begin PBXVariantGroup section */
		6DE950011C64957000B90C9F /* Main.storyboard */ = {
			isa = PBXVariantGroup;
			children = (
				6DE950021C64957000B90C9F /* Base */,
			);
			name = Main.storyboard;
			sourceTree = "<group>";
		};
		6DE950061C64957000B90C9F /* LaunchScreen.storyboard */ = {
			isa = PBXVariantGroup;
			children = (
				6DE950071C64957000B90C9F /* Base */,
			);
			name = LaunchScreen.storyboard;
			sourceTree = "<group>";
		};
/* End PBXVariantGroup section */

/* Begin XCBuildConfiguration section */
		6DE9500A1C64957000B90C9F /* Debug */ = {
			isa = XCBuildConfiguration;
			buildSettings = {
				ALWAYS_SEARCH_USER_PATHS = NO;
				CLANG_CXX_LANGUAGE_STANDARD = "gnu++0x";
				CLANG_CXX_LIBRARY = "libc++";
				CLANG_ENABLE_MODULES = YES;
				CLANG_ENABLE_OBJC_ARC = YES;
				CLANG_WARN_BLOCK_CAPTURE_AUTORELEASING = YES;
				CLANG_WARN_BOOL_CONVERSION = YES;
				CLANG_WARN_COMMA = YES;
				CLANG_WARN_CONSTANT_CONVERSION = YES;
				CLANG_WARN_DIRECT_OBJC_ISA_USAGE = YES_ERROR;
				CLANG_WARN_EMPTY_BODY = YES;
				CLANG_WARN_ENUM_CONVERSION = YES;
				CLANG_WARN_INFINITE_RECURSION = YES;
				CLANG_WARN_INT_CONVERSION = YES;
				CLANG_WARN_NON_LITERAL_NULL_CONVERSION = YES;
				CLANG_WARN_OBJC_LITERAL_CONVERSION = YES;
				CLANG_WARN_OBJC_ROOT_CLASS = YES_ERROR;
				CLANG_WARN_RANGE_LOOP_ANALYSIS = YES;
				CLANG_WARN_STRICT_PROTOTYPES = YES;
				CLANG_WARN_SUSPICIOUS_MOVE = YES;
				CLANG_WARN_UNREACHABLE_CODE = YES;
				CLANG_WARN__DUPLICATE_METHOD_MATCH = YES;
				"CODE_SIGN_IDENTITY[sdk=iphoneos*]" = "iPhone Developer";
				COPY_PHASE_STRIP = NO;
				DEBUG_INFORMATION_FORMAT = dwarf;
				ENABLE_STRICT_OBJC_MSGSEND = YES;
				ENABLE_TESTABILITY = YES;
				GCC_C_LANGUAGE_STANDARD = gnu99;
				GCC_DYNAMIC_NO_PIC = NO;
				GCC_NO_COMMON_BLOCKS = YES;
				GCC_OPTIMIZATION_LEVEL = 0;
				GCC_PREPROCESSOR_DEFINITIONS = (
					"DEBUG=1",
					"$(inherited)",
				);
				GCC_WARN_64_TO_32_BIT_CONVERSION = YES;
				GCC_WARN_ABOUT_RETURN_TYPE = YES_ERROR;
				GCC_WARN_UNDECLARED_SELECTOR = YES;
				GCC_WARN_UNINITIALIZED_AUTOS = YES_AGGRESSIVE;
				GCC_WARN_UNUSED_FUNCTION = YES;
				GCC_WARN_UNUSED_VARIABLE = YES;
				IPHONEOS_DEPLOYMENT_TARGET = 9.2;
				MTL_ENABLE_DEBUG_INFO = YES;
				ONLY_ACTIVE_ARCH = YES;
				SDKROOT = iphoneos;
				SWIFT_OPTIMIZATION_LEVEL = "-Onone";
				TARGETED_DEVICE_FAMILY = "1,2";
			};
			name = Debug;
		};
		6DE9500B1C64957000B90C9F /* Release */ = {
			isa = XCBuildConfiguration;
			buildSettings = {
				ALWAYS_SEARCH_USER_PATHS = NO;
				CLANG_CXX_LANGUAGE_STANDARD = "gnu++0x";
				CLANG_CXX_LIBRARY = "libc++";
				CLANG_ENABLE_MODULES = YES;
				CLANG_ENABLE_OBJC_ARC = YES;
				CLANG_WARN_BLOCK_CAPTURE_AUTORELEASING = YES;
				CLANG_WARN_BOOL_CONVERSION = YES;
				CLANG_WARN_COMMA = YES;
				CLANG_WARN_CONSTANT_CONVERSION = YES;
				CLANG_WARN_DIRECT_OBJC_ISA_USAGE = YES_ERROR;
				CLANG_WARN_EMPTY_BODY = YES;
				CLANG_WARN_ENUM_CONVERSION = YES;
				CLANG_WARN_INFINITE_RECURSION = YES;
				CLANG_WARN_INT_CONVERSION = YES;
				CLANG_WARN_NON_LITERAL_NULL_CONVERSION = YES;
				CLANG_WARN_OBJC_LITERAL_CONVERSION = YES;
				CLANG_WARN_OBJC_ROOT_CLASS = YES_ERROR;
				CLANG_WARN_RANGE_LOOP_ANALYSIS = YES;
				CLANG_WARN_STRICT_PROTOTYPES = YES;
				CLANG_WARN_SUSPICIOUS_MOVE = YES;
				CLANG_WARN_UNREACHABLE_CODE = YES;
				CLANG_WARN__DUPLICATE_METHOD_MATCH = YES;
				"CODE_SIGN_IDENTITY[sdk=iphoneos*]" = "iPhone Developer";
				COPY_PHASE_STRIP = NO;
				DEBUG_INFORMATION_FORMAT = "dwarf-with-dsym";
				ENABLE_NS_ASSERTIONS = NO;
				ENABLE_STRICT_OBJC_MSGSEND = YES;
				GCC_C_LANGUAGE_STANDARD = gnu99;
				GCC_NO_COMMON_BLOCKS = YES;
				GCC_WARN_64_TO_32_BIT_CONVERSION = YES;
				GCC_WARN_ABOUT_RETURN_TYPE = YES_ERROR;
				GCC_WARN_UNDECLARED_SELECTOR = YES;
				GCC_WARN_UNINITIALIZED_AUTOS = YES_AGGRESSIVE;
				GCC_WARN_UNUSED_FUNCTION = YES;
				GCC_WARN_UNUSED_VARIABLE = YES;
				IPHONEOS_DEPLOYMENT_TARGET = 9.2;
				MTL_ENABLE_DEBUG_INFO = NO;
				SDKROOT = iphoneos;
				SWIFT_OPTIMIZATION_LEVEL = "-Owholemodule";
				TARGETED_DEVICE_FAMILY = "1,2";
				VALIDATE_PRODUCT = YES;
			};
			name = Release;
		};
		6DE9500D1C64957000B90C9F /* Debug */ = {
			isa = XCBuildConfiguration;
			buildSettings = {
				ASSETCATALOG_COMPILER_APPICON_NAME = AppIcon;
				INFOPLIST_FILE = UICollectionViewHorizontalPaging/Info.plist;
				LD_RUNPATH_SEARCH_PATHS = "$(inherited) @executable_path/Frameworks";
				PRODUCT_BUNDLE_IDENTIFIER = maximbilan.UICollectionViewHorizontalPaging;
				PRODUCT_NAME = "$(TARGET_NAME)";
				SWIFT_SWIFT3_OBJC_INFERENCE = Default;
				SWIFT_VERSION = 4.0;
			};
			name = Debug;
		};
		6DE9500E1C64957000B90C9F /* Release */ = {
			isa = XCBuildConfiguration;
			buildSettings = {
				ASSETCATALOG_COMPILER_APPICON_NAME = AppIcon;
				INFOPLIST_FILE = UICollectionViewHorizontalPaging/Info.plist;
				LD_RUNPATH_SEARCH_PATHS = "$(inherited) @executable_path/Frameworks";
				PRODUCT_BUNDLE_IDENTIFIER = maximbilan.UICollectionViewHorizontalPaging;
				PRODUCT_NAME = "$(TARGET_NAME)";
				SWIFT_SWIFT3_OBJC_INFERENCE = Default;
				SWIFT_VERSION = 4.0;
			};
			name = Release;
		};
/* End XCBuildConfiguration section */

/* Begin XCConfigurationList section */
		6DE94FF51C64957000B90C9F /* Build configuration list for PBXProject "UICollectionViewHorizontalPaging" */ = {
			isa = XCConfigurationList;
			buildConfigurations = (
				6DE9500A1C64957000B90C9F /* Debug */,
				6DE9500B1C64957000B90C9F /* Release */,
			);
			defaultConfigurationIsVisible = 0;
			defaultConfigurationName = Release;
		};
		6DE9500C1C64957000B90C9F /* Build configuration list for PBXNativeTarget "UICollectionViewHorizontalPaging" */ = {
			isa = XCConfigurationList;
			buildConfigurations = (
				6DE9500D1C64957000B90C9F /* Debug */,
				6DE9500E1C64957000B90C9F /* Release */,
			);
			defaultConfigurationIsVisible = 0;
			defaultConfigurationName = Release;
		};
/* End XCConfigurationList section */
	};
	rootObject = 6DE94FF21C64957000B90C9F /* Project object */;
}
